
Microsoft Visual Studio Solution File, Format Version 12.00
# Visual Studio Version 17
VisualStudioVersion = 17.0.31903.59
MinimumVisualStudioVersion = 10.0.40219.1
Project("{FAE04EC0-301F-11D3-BF4B-00C04F79EFBC}") = "ModernizationDemo.App", "ModernizationDemo.App\ModernizationDemo.App.csproj", "{E02E2E69-D590-4E7F-A5E8-6AB2A1EA24C5}"
EndProject
Project("{9A19103F-16F7-4668-BE54-9A1E7A4F7556}") = "ModernizationDemo.BackendClient", "ModernizationDemo.BackendClient\ModernizationDemo.BackendClient.csproj", "{C03D49F5-D11F-4A49-ACEB-9BD2995A603B}"
EndProject
Project("{9A19103F-16F7-4668-BE54-9A1E7A4F7556}") = "ModernizationDemo.BackendApi", "ModernizationDemo.BackendApi\ModernizationDemo.BackendApi.csproj", "{518C8B3E-5651-42D8-80AA-1F596DBB5C73}"
EndProject
Project("{9A19103F-16F7-4668-BE54-9A1E7A4F7556}") = "ModernizationDemo.AppNew", "ModernizationDemo.AppNew\ModernizationDemo.AppNew.csproj", "{0932F36C-8877-4F91-B4FE-77AA63107FA8}"
EndProject
Global
	GlobalSection(SolutionConfigurationPlatforms) = preSolution
		Debug|Any CPU = Debug|Any CPU
		Release|Any CPU = Release|Any CPU
	EndGlobalSection
	GlobalSection(ProjectConfigurationPlatforms) = postSolution
		{E02E2E69-D590-4E7F-A5E8-6AB2A1EA24C5}.Debug|Any CPU.ActiveCfg = Debug|Any CPU
		{E02E2E69-D590-4E7F-A5E8-6AB2A1EA24C5}.Debug|Any CPU.Build.0 = Debug|Any CPU
		{E02E2E69-D590-4E7F-A5E8-6AB2A1EA24C5}.Release|Any CPU.ActiveCfg = Release|Any CPU
		{E02E2E69-D590-4E7F-A5E8-6AB2A1EA24C5}.Release|Any CPU.Build.0 = Release|Any CPU
		{C03D49F5-D11F-4A49-ACEB-9BD2995A603B}.Debug|Any CPU.ActiveCfg = Debug|Any CPU
		{C03D49F5-D11F-4A49-ACEB-9BD2995A603B}.Debug|Any CPU.Build.0 = Debug|Any CPU
		{C03D49F5-D11F-4A49-ACEB-9BD2995A603B}.Release|Any CPU.ActiveCfg = Release|Any CPU
		{C03D49F5-D11F-4A49-ACEB-9BD2995A603B}.Release|Any CPU.Build.0 = Release|Any CPU
		{518C8B3E-5651-42D8-80AA-1F596DBB5C73}.Debug|Any CPU.ActiveCfg = Debug|Any CPU
		{518C8B3E-5651-42D8-80AA-1F596DBB5C73}.Debug|Any CPU.Build.0 = Debug|Any CPU
		{518C8B3E-5651-42D8-80AA-1F596DBB5C73}.Release|Any CPU.ActiveCfg = Release|Any CPU
		{518C8B3E-5651-42D8-80AA-1F596DBB5C73}.Release|Any CPU.Build.0 = Release|Any CPU
		{0932F36C-8877-4F91-B4FE-77AA63107FA8}.Debug|Any CPU.ActiveCfg = Debug|Any CPU
		{0932F36C-8877-4F91-B4FE-77AA63107FA8}.Debug|Any CPU.Build.0 = Debug|Any CPU
		{0932F36C-8877-4F91-B4FE-77AA63107FA8}.Release|Any CPU.ActiveCfg = Release|Any CPU
		{0932F36C-8877-4F91-B4FE-77AA63107FA8}.Release|Any CPU.Build.0 = Release|Any CPU
	EndGlobalSection
	GlobalSection(SolutionProperties) = preSolution
		HideSolutionNode = FALSE
	EndGlobalSection
	GlobalSection(ExtensibilityGlobals) = postSolution
		SolutionGuid = {889B5E32-7BBE-478C-B336-06572B4AF97E}
	EndGlobalSection
EndGlobal
